// !$*UTF8*$!
{
	archiveVersion = 1;
	classes = {
	};
	objectVersion = 77;
	objects = {

/* Begin PBXBuildFile section */
		298759F5E75B011981CA16E7 /* UserProfile+Schema.swift in Sources */ = {isa = PBXBuildFile; fileRef = 6E826FDC4CF67CB762BC89A7 /* UserProfile+Schema.swift */; };
		3198845A67E52E78071DCEBC /* amplifyconfiguration.json in Resources */ = {isa = PBXBuildFile; fileRef = 602457640A9BF5D21E72BF89 /* amplifyconfiguration.json */; };
		3DAAE30D9A4F456AA915007C /* Workout.swift in Sources */ = {isa = PBXBuildFile; fileRef = 15799584F15FCEFDE0865D59 /* Workout.swift */; };
		414599EC6C1113D446CDF187 /* Workout+Schema.swift in Sources */ = {isa = PBXBuildFile; fileRef = 718D766B1C5205CB36CD006E /* Workout+Schema.swift */; };
		642481C5D38A08BEBA4C3CBB /* AmplifyModels.swift in Sources */ = {isa = PBXBuildFile; fileRef = B45AB7745C5052CFAF553596 /* AmplifyModels.swift */; };
		70C01F59CE6FE88760D6BE27 /* CompletedExercise+Schema.swift in Sources */ = {isa = PBXBuildFile; fileRef = 995B123E2C1B609A2F04F547 /* CompletedExercise+Schema.swift */; };
		890EC69BAA435D6C07311F45 /* CompletedSet.swift in Sources */ = {isa = PBXBuildFile; fileRef = 6CE3492E630FDE04A2F08301 /* CompletedSet.swift */; };
		8FEDA39250B181CE3E65E831 /* awsconfiguration.json in Resources */ = {isa = PBXBuildFile; fileRef = 12767C1087B8F215C1483F65 /* awsconfiguration.json */; };
		AE9C0E312F73570300E3A0B3 /* ForgeTheme.swift in Sources */ = {isa = PBXBuildFile; fileRef = AE9C0E212F73570300E3A0B3 /* ForgeTheme.swift */; };
		AE9C0E322F73570300E3A0B3 /* ContentView.swift in Sources */ = {isa = PBXBuildFile; fileRef = AE9C0E1E2F73570300E3A0B3 /* ContentView.swift */; };
		AE9C0E332F73570300E3A0B3 /* FORGEApp.swift in Sources */ = {isa = PBXBuildFile; fileRef = AE9C0E1F2F73570300E3A0B3 /* FORGEApp.swift */; };
		AE9C0E352F73570300E3A0B3 /* OnboardingView.swift in Sources */ = {isa = PBXBuildFile; fileRef = AE9C0E242F73570300E3A0B3 /* OnboardingView.swift */; };
		AE9C0E362F73570300E3A0B3 /* MainTabView.swift in Sources */ = {isa = PBXBuildFile; fileRef = AE9C0E232F73570300E3A0B3 /* MainTabView.swift */; };
		AE9C0E372F73570300E3A0B3 /* AppState.swift in Sources */ = {isa = PBXBuildFile; fileRef = AE9C0E1D2F73570300E3A0B3 /* AppState.swift */; };
		AE9C0E382F73570300E3A0B3 /* HomeView.swift in Sources */ = {isa = PBXBuildFile; fileRef = AE9C0E222F73570300E3A0B3 /* HomeView.swift */; };
		AE9C0E392F73570300E3A0B3 /* RestTimerView.swift in Sources */ = {isa = PBXBuildFile; fileRef = AE9C0E252F73570300E3A0B3 /* RestTimerView.swift */; };
		AE9C0E3A2F73570300E3A0B3 /* WorkoutViews.swift in Sources */ = {isa = PBXBuildFile; fileRef = AE9C0E262F73570300E3A0B3 /* WorkoutViews.swift */; };
		AE9C0E482F73605200E3A0B3 /* BebasNeue-Regular.ttf in Resources */ = {isa = PBXBuildFile; fileRef = AE9C0E472F73605200E3A0B3 /* BebasNeue-Regular.ttf */; };
		AE9C0E6E2F74931D00E3A0B3 /* App logo Final.png in Resources */ = {isa = PBXBuildFile; fileRef = AE9C0E6B2F74931D00E3A0B3 /* App logo Final.png */; };
		AE9C0E742F749F5600E3A0B3 /* LaunchScreenView.swift in Sources */ = {isa = PBXBuildFile; fileRef = AE9C0E732F749F5600E3A0B3 /* LaunchScreenView.swift */; };
		AE9C0E932F74B13A00E3A0B3 /* ProfileView.swift in Sources */ = {isa = PBXBuildFile; fileRef = AE9C0E912F74B13A00E3A0B3 /* ProfileView.swift */; };
		AE9C0E962F74B15200E3A0B3 /* SettingsView.swift in Sources */ = {isa = PBXBuildFile; fileRef = AE9C0E952F74B15200E3A0B3 /* SettingsView.swift */; };
		AE9C0EA02F74B44700E3A0B3 /* ProgressView.swift in Sources */ = {isa = PBXBuildFile; fileRef = AE9C0E9D2F74B44700E3A0B3 /* ProgressView.swift */; };
		AE9C0EA22F759A0500E3A0B3 /* SocialView.swift in Sources */ = {isa = PBXBuildFile; fileRef = AE9C0EA12F759A0500E3A0B3 /* SocialView.swift */; };
		AE9C0EA62F75D4F400E3A0B3 /* AuthenticationView.swift in Sources */ = {isa = PBXBuildFile; fileRef = AE9C0EA52F75D4F400E3A0B3 /* AuthenticationView.swift */; };
		AE9C0EA82F75D51000E3A0B3 /* OnboardingFlowView.swift in Sources */ = {isa = PBXBuildFile; fileRef = AE9C0EA72F75D51000E3A0B3 /* OnboardingFlowView.swift */; };
		AE9C0EBC2F7A507900E3A0B3 /* Amplify in Frameworks */ = {isa = PBXBuildFile; productRef = AE9C0EBB2F7A507900E3A0B3 /* Amplify */; };
		AE9C0EBE2F7A508300E3A0B3 /* AWSCognitoAuthPlugin in Frameworks */ = {isa = PBXBuildFile; productRef = AE9C0EBD2F7A508300E3A0B3 /* AWSCognitoAuthPlugin */; };
		AE9C0EC02F7A508C00E3A0B3 /* AWSPluginsCore in Frameworks */ = {isa = PBXBuildFile; productRef = AE9C0EBF2F7A508C00E3A0B3 /* AWSPluginsCore */; };
		AE9C0EC22F7A63D300E3A0B3 /* amplifybackendapigymreptrackerschema.graphql in Resources */ = {isa = PBXBuildFile; fileRef = AE9C0EC12F7A63D300E3A0B3 /* amplifybackendapigymreptrackerschema.graphql */; };
		AE9C0EC62F7A662E00E3A0B3 /* AWSAPIPlugin in Frameworks */ = {isa = PBXBuildFile; productRef = AE9C0EC52F7A662E00E3A0B3 /* AWSAPIPlugin */; };
		AED15E382F7AE0E2001E6236 /* WorkoutNotifications.swift in Sources */ = {isa = PBXBuildFile; fileRef = AED15E372F7AE0E2001E6236 /* WorkoutNotifications.swift */; };
		AED15E3A2F7AE10B001E6236 /* DebugWorkoutsView.swift in Sources */ = {isa = PBXBuildFile; fileRef = AED15E392F7AE10B001E6236 /* DebugWorkoutsView.swift */; };
		AED15E3C2F7AE6C2001E6236 /* AmplifyHelpers.swift in Sources */ = {isa = PBXBuildFile; fileRef = AED15E3B2F7AE6C2001E6236 /* AmplifyHelpers.swift */; };
		E4D7731749EF7F93DBA92813 /* UserProfile.swift in Sources */ = {isa = PBXBuildFile; fileRef = 3DB0542A3C997BD99DA7A842 /* UserProfile.swift */; };
		FA8082FD1FAAE0AD7C5908CA /* CompletedExercise.swift in Sources */ = {isa = PBXBuildFile; fileRef = D53B738402AE46B35B31C3D9 /* CompletedExercise.swift */; };
		FBE61D752AA29CD5D05C0279 /* CompletedSet+Schema.swift in Sources */ = {isa = PBXBuildFile; fileRef = 9DA128648EDC4BFF374819E3 /* CompletedSet+Schema.swift */; };
/* End PBXBuildFile section */

/* Begin PBXFileReference section */
		12767C1087B8F215C1483F65 /* awsconfiguration.json */ = {isa = PBXFileReference; explicitFileType = text.json; path = awsconfiguration.json; sourceTree = "<group>"; };
		15799584F15FCEFDE0865D59 /* Workout.swift */ = {isa = PBXFileReference; explicitFileType = sourcecode.swift; name = Workout.swift; path = amplify/generated/models/Workout.swift; sourceTree = "<group>"; };
		3DB0542A3C997BD99DA7A842 /* UserProfile.swift */ = {isa = PBXFileReference; explicitFileType = sourcecode.swift; name = UserProfile.swift; path = amplify/generated/models/UserProfile.swift; sourceTree = "<group>"; };
		602457640A9BF5D21E72BF89 /* amplifyconfiguration.json */ = {isa = PBXFileReference; explicitFileType = text.json; path = amplifyconfiguration.json; sourceTree = "<group>"; };
		6CE3492E630FDE04A2F08301 /* CompletedSet.swift */ = {isa = PBXFileReference; explicitFileType = sourcecode.swift; name = CompletedSet.swift; path = amplify/generated/models/CompletedSet.swift; sourceTree = "<group>"; };
		6E826FDC4CF67CB762BC89A7 /* UserProfile+Schema.swift */ = {isa = PBXFileReference; explicitFileType = sourcecode.swift; name = "UserProfile+Schema.swift"; path = "amplify/generated/models/UserProfile+Schema.swift"; sourceTree = "<group>"; };
		718D766B1C5205CB36CD006E /* Workout+Schema.swift */ = {isa = PBXFileReference; explicitFileType = sourcecode.swift; name = "Workout+Schema.swift"; path = "amplify/generated/models/Workout+Schema.swift"; sourceTree = "<group>"; };
		995B123E2C1B609A2F04F547 /* CompletedExercise+Schema.swift */ = {isa = PBXFileReference; explicitFileType = sourcecode.swift; name = "CompletedExercise+Schema.swift"; path = "amplify/generated/models/CompletedExercise+Schema.swift"; sourceTree = "<group>"; };
		9DA128648EDC4BFF374819E3 /* CompletedSet+Schema.swift */ = {isa = PBXFileReference; explicitFileType = sourcecode.swift; name = "CompletedSet+Schema.swift"; path = "amplify/generated/models/CompletedSet+Schema.swift"; sourceTree = "<group>"; };
		AE9C0DF32F7356B300E3A0B3 /* Rep - Gym Tracker.app */ = {isa = PBXFileReference; explicitFileType = wrapper.application; includeInIndex = 0; path = "Rep - Gym Tracker.app"; sourceTree = BUILT_PRODUCTS_DIR; };
		AE9C0E1D2F73570300E3A0B3 /* AppState.swift */ = {isa = PBXFileReference; lastKnownFileType = sourcecode.swift; path = AppState.swift; sourceTree = "<group>"; };
		AE9C0E1E2F73570300E3A0B3 /* ContentView.swift */ = {isa = PBXFileReference; lastKnownFileType = sourcecode.swift; path = ContentView.swift; sourceTree = "<group>"; };
		AE9C0E1F2F73570300E3A0B3 /* FORGEApp.swift */ = {isa = PBXFileReference; lastKnownFileType = sourcecode.swift; path = FORGEApp.swift; sourceTree = "<group>"; };
		AE9C0E212F73570300E3A0B3 /* ForgeTheme.swift */ = {isa = PBXFileReference; lastKnownFileType = sourcecode.swift; path = ForgeTheme.swift; sourceTree = "<group>"; };
		AE9C0E222F73570300E3A0B3 /* HomeView.swift */ = {isa = PBXFileReference; lastKnownFileType = sourcecode.swift; path = HomeView.swift; sourceTree = "<group>"; };
		AE9C0E232F73570300E3A0B3 /* MainTabView.swift */ = {isa = PBXFileReference; lastKnownFileType = sourcecode.swift; path = MainTabView.swift; sourceTree = "<group>"; };
		AE9C0E242F73570300E3A0B3 /* OnboardingView.swift */ = {isa = PBXFileReference; lastKnownFileType = sourcecode.swift; path = OnboardingView.swift; sourceTree = "<group>"; };
		AE9C0E252F73570300E3A0B3 /* RestTimerView.swift */ = {isa = PBXFileReference; lastKnownFileType = sourcecode.swift; path = RestTimerView.swift; sourceTree = "<group>"; };
		AE9C0E262F73570300E3A0B3 /* WorkoutViews.swift */ = {isa = PBXFileReference; lastKnownFileType = sourcecode.swift; path = WorkoutViews.swift; sourceTree = "<group>"; };
		AE9C0E472F73605200E3A0B3 /* BebasNeue-Regular.ttf */ = {isa = PBXFileReference; lastKnownFileType = file; path = "BebasNeue-Regular.ttf"; sourceTree = "<group>"; };
		AE9C0E6B2F74931D00E3A0B3 /* App logo Final.png */ = {isa = PBXFileReference; lastKnownFileType = image.png; path = "App logo Final.png"; sourceTree = "<group>"; };
		AE9C0E732F749F5600E3A0B3 /* LaunchScreenView.swift */ = {isa = PBXFileReference; lastKnownFileType = sourcecode.swift; path = LaunchScreenView.swift; sourceTree = "<group>"; };
		AE9C0E912F74B13A00E3A0B3 /* ProfileView.swift */ = {isa = PBXFileReference; lastKnownFileType = sourcecode.swift; path = ProfileView.swift; sourceTree = "<group>"; };
		AE9C0E952F74B15200E3A0B3 /* SettingsView.swift */ = {isa = PBXFileReference; lastKnownFileType = sourcecode.swift; path = SettingsView.swift; sourceTree = "<group>"; };
		AE9C0E9D2F74B44700E3A0B3 /* ProgressView.swift */ = {isa = PBXFileReference; lastKnownFileType = sourcecode.swift; path = ProgressView.swift; sourceTree = "<group>"; };
		AE9C0EA12F759A0500E3A0B3 /* SocialView.swift */ = {isa = PBXFileReference; lastKnownFileType = sourcecode.swift; path = SocialView.swift; sourceTree = "<group>"; };
		AE9C0EA52F75D4F400E3A0B3 /* AuthenticationView.swift */ = {isa = PBXFileReference; lastKnownFileType = sourcecode.swift; path = AuthenticationView.swift; sourceTree = "<group>"; };
		AE9C0EA72F75D51000E3A0B3 /* OnboardingFlowView.swift */ = {isa = PBXFileReference; lastKnownFileType = sourcecode.swift; path = OnboardingFlowView.swift; sourceTree = "<group>"; };
		AE9C0EC12F7A63D300E3A0B3 /* amplifybackendapigymreptrackerschema.graphql */ = {isa = PBXFileReference; lastKnownFileType = text; path = amplifybackendapigymreptrackerschema.graphql; sourceTree = "<group>"; };
		AED15E372F7AE0E2001E6236 /* WorkoutNotifications.swift */ = {isa = PBXFileReference; lastKnownFileType = sourcecode.swift; path = WorkoutNotifications.swift; sourceTree = "<group>"; };
		AED15E392F7AE10B001E6236 /* DebugWorkoutsView.swift */ = {isa = PBXFileReference; lastKnownFileType = sourcecode.swift; path = DebugWorkoutsView.swift; sourceTree = "<group>"; };
		AED15E3B2F7AE6C2001E6236 /* AmplifyHelpers.swift */ = {isa = PBXFileReference; lastKnownFileType = sourcecode.swift; path = AmplifyHelpers.swift; sourceTree = "<group>"; };
		B45AB7745C5052CFAF553596 /* AmplifyModels.swift */ = {isa = PBXFileReference; explicitFileType = sourcecode.swift; name = AmplifyModels.swift; path = amplify/generated/models/AmplifyModels.swift; sourceTree = "<group>"; };
		D53B738402AE46B35B31C3D9 /* CompletedExercise.swift */ = {isa = PBXFileReference; explicitFileType = sourcecode.swift; name = CompletedExercise.swift; path = amplify/generated/models/CompletedExercise.swift; sourceTree = "<group>"; };
/* End PBXFileReference section */

/* Begin PBXFileSystemSynchronizedRootGroup section */
		AE9C0DF52F7356B300E3A0B3 /* Forge Workout App */ = {
			isa = PBXFileSystemSynchronizedRootGroup;
			path = "Forge Workout App";
			sourceTree = "<group>";
		};
		AE9C0E032F7356B500E3A0B3 /* Forge Workout AppTests */ = {
			isa = PBXFileSystemSynchronizedRootGroup;
			path = "Forge Workout AppTests";
			sourceTree = "<group>";
		};
		AE9C0E0D2F7356B500E3A0B3 /* Forge Workout AppUITests */ = {
			isa = PBXFileSystemSynchronizedRootGroup;
			path = "Forge Workout AppUITests";
			sourceTree = "<group>";
		};
/* End PBXFileSystemSynchronizedRootGroup section */

/* Begin PBXFrameworksBuildPhase section */
		AE9C0DF02F7356B300E3A0B3 /* Frameworks */ = {
			isa = PBXFrameworksBuildPhase;
			buildActionMask = 2147483647;
			files = (
				AE9C0EC62F7A662E00E3A0B3 /* AWSAPIPlugin in Frameworks */,
				AE9C0EBC2F7A507900E3A0B3 /* Amplify in Frameworks */,
				AE9C0EBE2F7A508300E3A0B3 /* AWSCognitoAuthPlugin in Frameworks */,
				AE9C0EC02F7A508C00E3A0B3 /* AWSPluginsCore in Frameworks */,
			);
			runOnlyForDeploymentPostprocessing = 0;
		};
/* End PBXFrameworksBuildPhase section */

/* Begin PBXGroup section */
		284288CEDCFD18F62FFC5524 /* AmplifyModels */ = {
			isa = PBXGroup;
			children = (
				B45AB7745C5052CFAF553596 /* AmplifyModels.swift */,
				995B123E2C1B609A2F04F547 /* CompletedExercise+Schema.swift */,
				D53B738402AE46B35B31C3D9 /* CompletedExercise.swift */,
				9DA128648EDC4BFF374819E3 /* CompletedSet+Schema.swift */,
				6CE3492E630FDE04A2F08301 /* CompletedSet.swift */,
				6E826FDC4CF67CB762BC89A7 /* UserProfile+Schema.swift */,
				3DB0542A3C997BD99DA7A842 /* UserProfile.swift */,
				718D766B1C5205CB36CD006E /* Workout+Schema.swift */,
				15799584F15FCEFDE0865D59 /* Workout.swift */,
			);
			name = AmplifyModels;
			sourceTree = "<group>";
		};
		2EBA08ACA51BC429748DD1F9 /* AmplifyConfig */ = {
			isa = PBXGroup;
			children = (
				12767C1087B8F215C1483F65 /* awsconfiguration.json */,
				602457640A9BF5D21E72BF89 /* amplifyconfiguration.json */,
			);
			name = AmplifyConfig;
			sourceTree = "<group>";
		};
		AE9C0DEA2F7356B300E3A0B3 = {
			isa = PBXGroup;
			children = (
				AE9C0E1F2F73570300E3A0B3 /* FORGEApp.swift */,
				AE9C0E1D2F73570300E3A0B3 /* AppState.swift */,
				AE9C0E1E2F73570300E3A0B3 /* ContentView.swift */,
				AE9C0E212F73570300E3A0B3 /* ForgeTheme.swift */,
				AE9C0E222F73570300E3A0B3 /* HomeView.swift */,
				AE9C0E232F73570300E3A0B3 /* MainTabView.swift */,
				AE9C0E242F73570300E3A0B3 /* OnboardingView.swift */,
				AE9C0E6B2F74931D00E3A0B3 /* App logo Final.png */,
				AE9C0E252F73570300E3A0B3 /* RestTimerView.swift */,
				AE9C0E472F73605200E3A0B3 /* BebasNeue-Regular.ttf */,
				AE9C0E262F73570300E3A0B3 /* WorkoutViews.swift */,
				AE9C0DF52F7356B300E3A0B3 /* Forge Workout App */,
				AE9C0E032F7356B500E3A0B3 /* Forge Workout AppTests */,
				AE9C0E0D2F7356B500E3A0B3 /* Forge Workout AppUITests */,
				AE9C0DF42F7356B300E3A0B3 /* Products */,
				AE9C0E732F749F5600E3A0B3 /* LaunchScreenView.swift */,
				AE9C0E912F74B13A00E3A0B3 /* ProfileView.swift */,
				AE9C0E952F74B15200E3A0B3 /* SettingsView.swift */,
				AE9C0E9D2F74B44700E3A0B3 /* ProgressView.swift */,
				AE9C0EA12F759A0500E3A0B3 /* SocialView.swift */,
				AE9C0EA52F75D4F400E3A0B3 /* AuthenticationView.swift */,
				AE9C0EA72F75D51000E3A0B3 /* OnboardingFlowView.swift */,
				2EBA08ACA51BC429748DD1F9 /* AmplifyConfig */,
				AE9C0EBA2F7A507900E3A0B3 /* Frameworks */,
				AE9C0EC12F7A63D300E3A0B3 /* amplifybackendapigymreptrackerschema.graphql */,
				284288CEDCFD18F62FFC5524 /* AmplifyModels */,
				AED15E372F7AE0E2001E6236 /* WorkoutNotifications.swift */,
				AED15E392F7AE10B001E6236 /* DebugWorkoutsView.swift */,
				AED15E3B2F7AE6C2001E6236 /* AmplifyHelpers.swift */,
			);
			sourceTree = "<group>";
		};
		AE9C0DF42F7356B300E3A0B3 /* Products */ = {
			isa = PBXGroup;
			children = (
				AE9C0DF32F7356B300E3A0B3 /* Rep - Gym Tracker.app */,
			);
			name = Products;
			sourceTree = "<group>";
		};
		AE9C0EBA2F7A507900E3A0B3 /* Frameworks */ = {
			isa = PBXGroup;
			children = (
			);
			name = Frameworks;
			sourceTree = "<group>";
		};
/* End PBXGroup section */

/* Begin PBXNativeTarget section */
		AE9C0DF22F7356B300E3A0B3 /* Rep - Gym Tracker */ = {
			isa = PBXNativeTarget;
			buildConfigurationList = AE9C0E142F7356B500E3A0B3 /* Build configuration list for PBXNativeTarget "Rep - Gym Tracker" */;
			buildPhases = (
				AE9C0DEF2F7356B300E3A0B3 /* Sources */,
				AE9C0DF02F7356B300E3A0B3 /* Frameworks */,
				AE9C0DF12F7356B300E3A0B3 /* Resources */,
			);
			buildRules = (
			);
			dependencies = (
			);
			fileSystemSynchronizedGroups = (
				AE9C0DF52F7356B300E3A0B3 /* Forge Workout App */,
			);
			name = "Rep - Gym Tracker";
			packageProductDependencies = (
				AE9C0EBB2F7A507900E3A0B3 /* Amplify */,
				AE9C0EBD2F7A508300E3A0B3 /* AWSCognitoAuthPlugin */,
				AE9C0EBF2F7A508C00E3A0B3 /* AWSPluginsCore */,
				AE9C0EC52F7A662E00E3A0B3 /* AWSAPIPlugin */,
			);
			productName = "Forge Workout App";
			productReference = AE9C0DF32F7356B300E3A0B3 /* Rep - Gym Tracker.app */;
			productType = "com.apple.product-type.application";
		};
/* End PBXNativeTarget section */

/* Begin PBXProject section */
		AE9C0DEB2F7356B300E3A0B3 /* Project object */ = {
			isa = PBXProject;
			attributes = {
				BuildIndependentTargetsInParallel = 1;
				LastSwiftUpdateCheck = 2630;
				LastUpgradeCheck = 2630;
				TargetAttributes = {
					AE9C0DF22F7356B300E3A0B3 = {
						CreatedOnToolsVersion = 26.3;
					};
				};
			};
			buildConfigurationList = AE9C0DEE2F7356B300E3A0B3 /* Build configuration list for PBXProject "Rep - Gym Tracker" */;
			developmentRegion = en;
			hasScannedForEncodings = 0;
			knownRegions = (
				en,
				Base,
			);
			mainGroup = AE9C0DEA2F7356B300E3A0B3;
			minimizedProjectReferenceProxies = 1;
			packageReferences = (
				AE9C0EB92F7A4ED800E3A0B3 /* XCRemoteSwiftPackageReference "amplify-swift" */,
			);
			preferredProjectObjectVersion = 77;
			productRefGroup = AE9C0DF42F7356B300E3A0B3 /* Products */;
			projectDirPath = "";
			projectRoot = "";
			targets = (
				AE9C0DF22F7356B300E3A0B3 /* Rep - Gym Tracker */,
			);
		};
/* End PBXProject section */

/* Begin PBXResourcesBuildPhase section */
		AE9C0DF12F7356B300E3A0B3 /* Resources */ = {
			isa = PBXResourcesBuildPhase;
			buildActionMask = 2147483647;
			files = (
				AE9C0E482F73605200E3A0B3 /* BebasNeue-Regular.ttf in Resources */,
				AE9C0E6E2F74931D00E3A0B3 /* App logo Final.png in Resources */,
				8FEDA39250B181CE3E65E831 /* awsconfiguration.json in Resources */,
				3198845A67E52E78071DCEBC /* amplifyconfiguration.json in Resources */,
				AE9C0EC22F7A63D300E3A0B3 /* amplifybackendapigymreptrackerschema.graphql in Resources */,
			);
			runOnlyForDeploymentPostprocessing = 0;
		};
/* End PBXResourcesBuildPhase section */

/* Begin PBXSourcesBuildPhase section */
		AE9C0DEF2F7356B300E3A0B3 /* Sources */ = {
			isa = PBXSourcesBuildPhase;
			buildActionMask = 2147483647;
			files = (
				AE9C0E312F73570300E3A0B3 /* ForgeTheme.swift in Sources */,
				AE9C0E322F73570300E3A0B3 /* ContentView.swift in Sources */,
				AE9C0E332F73570300E3A0B3 /* FORGEApp.swift in Sources */,
				AE9C0E352F73570300E3A0B3 /* OnboardingView.swift in Sources */,
				AED15E3A2F7AE10B001E6236 /* DebugWorkoutsView.swift in Sources */,
				AE9C0E362F73570300E3A0B3 /* MainTabView.swift in Sources */,
				AE9C0E742F749F5600E3A0B3 /* LaunchScreenView.swift in Sources */,
				AE9C0E372F73570300E3A0B3 /* AppState.swift in Sources */,
				AE9C0E382F73570300E3A0B3 /* HomeView.swift in Sources */,
				AE9C0E392F73570300E3A0B3 /* RestTimerView.swift in Sources */,
				AE9C0EA82F75D51000E3A0B3 /* OnboardingFlowView.swift in Sources */,
				AE9C0E962F74B15200E3A0B3 /* SettingsView.swift in Sources */,
				AE9C0E932F74B13A00E3A0B3 /* ProfileView.swift in Sources */,
				AE9C0E3A2F73570300E3A0B3 /* WorkoutViews.swift in Sources */,
				AED15E3C2F7AE6C2001E6236 /* AmplifyHelpers.swift in Sources */,
				AE9C0EA02F74B44700E3A0B3 /* ProgressView.swift in Sources */,
				AE9C0EA22F759A0500E3A0B3 /* SocialView.swift in Sources */,
				AE9C0EA62F75D4F400E3A0B3 /* AuthenticationView.swift in Sources */,
				AED15E382F7AE0E2001E6236 /* WorkoutNotifications.swift in Sources */,
				642481C5D38A08BEBA4C3CBB /* AmplifyModels.swift in Sources */,
				70C01F59CE6FE88760D6BE27 /* CompletedExercise+Schema.swift in Sources */,
				FA8082FD1FAAE0AD7C5908CA /* CompletedExercise.swift in Sources */,
				FBE61D752AA29CD5D05C0279 /* CompletedSet+Schema.swift in Sources */,
				890EC69BAA435D6C07311F45 /* CompletedSet.swift in Sources */,
				298759F5E75B011981CA16E7 /* UserProfile+Schema.swift in Sources */,
				E4D7731749EF7F93DBA92813 /* UserProfile.swift in Sources */,
				414599EC6C1113D446CDF187 /* Workout+Schema.swift in Sources */,
				3DAAE30D9A4F456AA915007C /* Workout.swift in Sources */,
			);
			runOnlyForDeploymentPostprocessing = 0;
		};
/* End PBXSourcesBuildPhase section */

/* Begin XCBuildConfiguration section */
		AE9C0E122F7356B500E3A0B3 /* Debug */ = {
			isa = XCBuildConfiguration;
			buildSettings = {
				ALWAYS_SEARCH_USER_PATHS = NO;
				ASSETCATALOG_COMPILER_GENERATE_SWIFT_ASSET_SYMBOL_EXTENSIONS = YES;
				CLANG_ANALYZER_NONNULL = YES;
				CLANG_ANALYZER_NUMBER_OBJECT_CONVERSION = YES_AGGRESSIVE;
				CLANG_CXX_LANGUAGE_STANDARD = "gnu++20";
				CLANG_ENABLE_MODULES = YES;
				CLANG_ENABLE_OBJC_ARC = YES;
				CLANG_ENABLE_OBJC_WEAK = YES;
				CLANG_WARN_BLOCK_CAPTURE_AUTORELEASING = YES;
				CLANG_WARN_BOOL_CONVERSION = YES;
				CLANG_WARN_COMMA = YES;
				CLANG_WARN_CONSTANT_CONVERSION = YES;
				CLANG_WARN_DEPRECATED_OBJC_IMPLEMENTATIONS = YES;
				CLANG_WARN_DIRECT_OBJC_ISA_USAGE = YES_ERROR;
				CLANG_WARN_DOCUMENTATION_COMMENTS = YES;
				CLANG_WARN_EMPTY_BODY = YES;
				CLANG_WARN_ENUM_CONVERSION = YES;
				CLANG_WARN_INFINITE_RECURSION = YES;
				CLANG_WARN_INT_CONVERSION = YES;
				CLANG_WARN_NON_LITERAL_NULL_CONVERSION = YES;
				CLANG_WARN_OBJC_IMPLICIT_RETAIN_SELF = YES;
				CLANG_WARN_OBJC_LITERAL_CONVERSION = YES;
				CLANG_WARN_OBJC_ROOT_CLASS = YES_ERROR;
				CLANG_WARN_QUOTED_INCLUDE_IN_FRAMEWORK_HEADER = YES;
				CLANG_WARN_RANGE_LOOP_ANALYSIS = YES;
				CLANG_WARN_STRICT_PROTOTYPES = YES;
				CLANG_WARN_SUSPICIOUS_MOVE = YES;
				CLANG_WARN_UNGUARDED_AVAILABILITY = YES_AGGRESSIVE;
				CLANG_WARN_UNREACHABLE_CODE = YES;
				CLANG_WARN__DUPLICATE_METHOD_MATCH = YES;
				COPY_PHASE_STRIP = NO;
				DEBUG_INFORMATION_FORMAT = dwarf;
				DEVELOPMENT_TEAM = D9D8T55VNQ;
				ENABLE_STRICT_OBJC_MSGSEND = YES;
				ENABLE_TESTABILITY = YES;
				ENABLE_USER_SCRIPT_SANDBOXING = YES;
				GCC_C_LANGUAGE_STANDARD = gnu17;
				GCC_DYNAMIC_NO_PIC = NO;
				GCC_NO_COMMON_BLOCKS = YES;
				GCC_OPTIMIZATION_LEVEL = 0;
				GCC_PREPROCESSOR_DEFINITIONS = (
					"DEBUG=1",
					"$(inherited)",
				);
				GCC_WARN_64_TO_32_BIT_CONVERSION = YES;
				GCC_WARN_ABOUT_RETURN_TYPE = YES_ERROR;
				GCC_WARN_UNDECLARED_SELECTOR = YES;
				GCC_WARN_UNINITIALIZED_AUTOS = YES_AGGRESSIVE;
				GCC_WARN_UNUSED_FUNCTION = YES;
				GCC_WARN_UNUSED_VARIABLE = YES;
				LOCALIZATION_PREFERS_STRING_CATALOGS = YES;
				MTL_ENABLE_DEBUG_INFO = INCLUDE_SOURCE;
				MTL_FAST_MATH = YES;
				ONLY_ACTIVE_ARCH = YES;
				SWIFT_ACTIVE_COMPILATION_CONDITIONS = "DEBUG $(inherited)";
				SWIFT_OPTIMIZATION_LEVEL = "-Onone";
			};
			name = Debug;
		};
		AE9C0E132F7356B500E3A0B3 /* Release */ = {
			isa = XCBuildConfiguration;
			buildSettings = {
				ALWAYS_SEARCH_USER_PATHS = NO;
				ASSETCATALOG_COMPILER_GENERATE_SWIFT_ASSET_SYMBOL_EXTENSIONS = YES;
				CLANG_ANALYZER_NONNULL = YES;
				CLANG_ANALYZER_NUMBER_OBJECT_CONVERSION = YES_AGGRESSIVE;
				CLANG_CXX_LANGUAGE_STANDARD = "gnu++20";
				CLANG_ENABLE_MODULES = YES;
				CLANG_ENABLE_OBJC_ARC = YES;
				CLANG_ENABLE_OBJC_WEAK = YES;
				CLANG_WARN_BLOCK_CAPTURE_AUTORELEASING = YES;
				CLANG_WARN_BOOL_CONVERSION = YES;
				CLANG_WARN_COMMA = YES;
				CLANG_WARN_CONSTANT_CONVERSION = YES;
				CLANG_WARN_DEPRECATED_OBJC_IMPLEMENTATIONS = YES;
				CLANG_WARN_DIRECT_OBJC_ISA_USAGE = YES_ERROR;
				CLANG_WARN_DOCUMENTATION_COMMENTS = YES;
				CLANG_WARN_EMPTY_BODY = YES;
				CLANG_WARN_ENUM_CONVERSION = YES;
				CLANG_WARN_INFINITE_RECURSION = YES;
				CLANG_WARN_INT_CONVERSION = YES;
				CLANG_WARN_NON_LITERAL_NULL_CONVERSION = YES;
				CLANG_WARN_OBJC_IMPLICIT_RETAIN_SELF = YES;
				CLANG_WARN_OBJC_LITERAL_CONVERSION = YES;
				CLANG_WARN_OBJC_ROOT_CLASS = YES_ERROR;
				CLANG_WARN_QUOTED_INCLUDE_IN_FRAMEWORK_HEADER = YES;
				CLANG_WARN_RANGE_LOOP_ANALYSIS = YES;
				CLANG_WARN_STRICT_PROTOTYPES = YES;
				CLANG_WARN_SUSPICIOUS_MOVE = YES;
				CLANG_WARN_UNGUARDED_AVAILABILITY = YES_AGGRESSIVE;
				CLANG_WARN_UNREACHABLE_CODE = YES;
				CLANG_WARN__DUPLICATE_METHOD_MATCH = YES;
				COPY_PHASE_STRIP = NO;
				DEBUG_INFORMATION_FORMAT = "dwarf-with-dsym";
				DEVELOPMENT_TEAM = D9D8T55VNQ;
				ENABLE_NS_ASSERTIONS = NO;
				ENABLE_STRICT_OBJC_MSGSEND = YES;
				ENABLE_USER_SCRIPT_SANDBOXING = YES;
				GCC_C_LANGUAGE_STANDARD = gnu17;
				GCC_NO_COMMON_BLOCKS = YES;
				GCC_WARN_64_TO_32_BIT_CONVERSION = YES;
				GCC_WARN_ABOUT_RETURN_TYPE = YES_ERROR;
				GCC_WARN_UNDECLARED_SELECTOR = YES;
				GCC_WARN_UNINITIALIZED_AUTOS = YES_AGGRESSIVE;
				GCC_WARN_UNUSED_FUNCTION = YES;
				GCC_WARN_UNUSED_VARIABLE = YES;
				LOCALIZATION_PREFERS_STRING_CATALOGS = YES;
				MTL_ENABLE_DEBUG_INFO = NO;
				MTL_FAST_MATH = YES;
				SWIFT_COMPILATION_MODE = wholemodule;
			};
			name = Release;
		};
		AE9C0E152F7356B500E3A0B3 /* Debug */ = {
			isa = XCBuildConfiguration;
			buildSettings = {
				ASSETCATALOG_COMPILER_APPICON_NAME = AppIcon;
				ASSETCATALOG_COMPILER_GLOBAL_ACCENT_COLOR_NAME = AccentColor;
				CODE_SIGN_STYLE = Automatic;
				CURRENT_PROJECT_VERSION = 1;
				DEVELOPMENT_TEAM = D9D8T55VNQ;
				ENABLE_APP_SANDBOX = YES;
				ENABLE_HARDENED_RUNTIME = YES;
				ENABLE_PREVIEWS = YES;
				ENABLE_USER_SELECTED_FILES = readonly;
				GENERATE_INFOPLIST_FILE = YES;
				"INFOPLIST_KEY_UIApplicationSceneManifest_Generation[sdk=iphoneos*]" = YES;
				"INFOPLIST_KEY_UIApplicationSceneManifest_Generation[sdk=iphonesimulator*]" = YES;
				"INFOPLIST_KEY_UIApplicationSupportsIndirectInputEvents[sdk=iphoneos*]" = YES;
				"INFOPLIST_KEY_UIApplicationSupportsIndirectInputEvents[sdk=iphonesimulator*]" = YES;
				"INFOPLIST_KEY_UILaunchScreen_Generation[sdk=iphoneos*]" = YES;
				"INFOPLIST_KEY_UILaunchScreen_Generation[sdk=iphonesimulator*]" = YES;
				"INFOPLIST_KEY_UIStatusBarStyle[sdk=iphoneos*]" = UIStatusBarStyleDefault;
				"INFOPLIST_KEY_UIStatusBarStyle[sdk=iphonesimulator*]" = UIStatusBarStyleDefault;
				INFOPLIST_KEY_UISupportedInterfaceOrientations_iPad = "UIInterfaceOrientationPortrait UIInterfaceOrientationPortraitUpsideDown UIInterfaceOrientationLandscapeLeft UIInterfaceOrientationLandscapeRight";
				INFOPLIST_KEY_UISupportedInterfaceOrientations_iPhone = "UIInterfaceOrientationPortrait UIInterfaceOrientationLandscapeLeft UIInterfaceOrientationLandscapeRight";
				IPHONEOS_DEPLOYMENT_TARGET = 26.2;
				LD_RUNPATH_SEARCH_PATHS = "@executable_path/Frameworks";
				"LD_RUNPATH_SEARCH_PATHS[sdk=macosx*]" = "@executable_path/../Frameworks";
				MACOSX_DEPLOYMENT_TARGET = 26.1;
				MARKETING_VERSION = 1.0;
				PRODUCT_BUNDLE_IDENTIFIER = "com.alexkobinski.Forge-Workout-App";
				PRODUCT_NAME = "$(TARGET_NAME)";
				REGISTER_APP_GROUPS = YES;
				SDKROOT = auto;
				STRING_CATALOG_GENERATE_SYMBOLS = YES;
				SUPPORTED_PLATFORMS = "iphoneos iphonesimulator macosx xros xrsimulator";
				SWIFT_APPROACHABLE_CONCURRENCY = YES;
				SWIFT_DEFAULT_ACTOR_ISOLATION = MainActor;
				SWIFT_EMIT_LOC_STRINGS = YES;
				SWIFT_UPCOMING_FEATURE_INFER_ISOLATED_CONFORMANCES = NO;
				SWIFT_UPCOMING_FEATURE_INFER_SENDABLE_FROM_CAPTURES = NO;
				SWIFT_UPCOMING_FEATURE_MEMBER_IMPORT_VISIBILITY = YES;
				SWIFT_VERSION = 5.0;
				TARGETED_DEVICE_FAMILY = "1,2,7";
				XROS_DEPLOYMENT_TARGET = 26.2;
			};
			name = Debug;
		};
		AE9C0E162F7356B500E3A0B3 /* Release */ = {
			isa = XCBuildConfiguration;
			buildSettings = {
				ASSETCATALOG_COMPILER_APPICON_NAME = AppIcon;
				ASSETCATALOG_COMPILER_GLOBAL_ACCENT_COLOR_NAME = AccentColor;
				CODE_SIGN_STYLE = Automatic;
				CURRENT_PROJECT_VERSION = 1;
				DEVELOPMENT_TEAM = D9D8T55VNQ;
				ENABLE_APP_SANDBOX = YES;
				ENABLE_HARDENED_RUNTIME = YES;
				ENABLE_PREVIEWS = YES;
				ENABLE_USER_SELECTED_FILES = readonly;
				GENERATE_INFOPLIST_FILE = YES;
				"INFOPLIST_KEY_UIApplicationSceneManifest_Generation[sdk=iphoneos*]" = YES;
				"INFOPLIST_KEY_UIApplicationSceneManifest_Generation[sdk=iphonesimulator*]" = YES;
				"INFOPLIST_KEY_UIApplicationSupportsIndirectInputEvents[sdk=iphoneos*]" = YES;
				"INFOPLIST_KEY_UIApplicationSupportsIndirectInputEvents[sdk=iphonesimulator*]" = YES;
				"INFOPLIST_KEY_UILaunchScreen_Generation[sdk=iphoneos*]" = YES;
				"INFOPLIST_KEY_UILaunchScreen_Generation[sdk=iphonesimulator*]" = YES;
				"INFOPLIST_KEY_UIStatusBarStyle[sdk=iphoneos*]" = UIStatusBarStyleDefault;
				"INFOPLIST_KEY_UIStatusBarStyle[sdk=iphonesimulator*]" = UIStatusBarStyleDefault;
				INFOPLIST_KEY_UISupportedInterfaceOrientations_iPad = "UIInterfaceOrientationPortrait UIInterfaceOrientationPortraitUpsideDown UIInterfaceOrientationLandscapeLeft UIInterfaceOrientationLandscapeRight";
				INFOPLIST_KEY_UISupportedInterfaceOrientations_iPhone = "UIInterfaceOrientationPortrait UIInterfaceOrientationLandscapeLeft UIInterfaceOrientationLandscapeRight";
				IPHONEOS_DEPLOYMENT_TARGET = 26.2;
				LD_RUNPATH_SEARCH_PATHS = "@executable_path/Frameworks";
				"LD_RUNPATH_SEARCH_PATHS[sdk=macosx*]" = "@executable_path/../Frameworks";
				MACOSX_DEPLOYMENT_TARGET = 26.1;
				MARKETING_VERSION = 1.0;
				PRODUCT_BUNDLE_IDENTIFIER = "com.alexkobinski.Forge-Workout-App";
				PRODUCT_NAME = "$(TARGET_NAME)";
				REGISTER_APP_GROUPS = YES;
				SDKROOT = auto;
				STRING_CATALOG_GENERATE_SYMBOLS = YES;
				SUPPORTED_PLATFORMS = "iphoneos iphonesimulator macosx xros xrsimulator";
				SWIFT_APPROACHABLE_CONCURRENCY = YES;
				SWIFT_DEFAULT_ACTOR_ISOLATION = MainActor;
				SWIFT_EMIT_LOC_STRINGS = YES;
				SWIFT_UPCOMING_FEATURE_INFER_ISOLATED_CONFORMANCES = NO;
				SWIFT_UPCOMING_FEATURE_INFER_SENDABLE_FROM_CAPTURES = NO;
				SWIFT_UPCOMING_FEATURE_MEMBER_IMPORT_VISIBILITY = YES;
				SWIFT_VERSION = 5.0;
				TARGETED_DEVICE_FAMILY = "1,2,7";
				XROS_DEPLOYMENT_TARGET = 26.2;
			};
			name = Release;
		};
/* End XCBuildConfiguration section */

/* Begin XCConfigurationList section */
		AE9C0DEE2F7356B300E3A0B3 /* Build configuration list for PBXProject "Rep - Gym Tracker" */ = {
			isa = XCConfigurationList;
			buildConfigurations = (
				AE9C0E122F7356B500E3A0B3 /* Debug */,
				AE9C0E132F7356B500E3A0B3 /* Release */,
			);
			defaultConfigurationIsVisible = 0;
			defaultConfigurationName = Release;
		};
		AE9C0E142F7356B500E3A0B3 /* Build configuration list for PBXNativeTarget "Rep - Gym Tracker" */ = {
			isa = XCConfigurationList;
			buildConfigurations = (
				AE9C0E152F7356B500E3A0B3 /* Debug */,
				AE9C0E162F7356B500E3A0B3 /* Release */,
			);
			defaultConfigurationIsVisible = 0;
			defaultConfigurationName = Release;
		};
/* End XCConfigurationList section */

/* Begin XCRemoteSwiftPackageReference section */
		AE9C0EB92F7A4ED800E3A0B3 /* XCRemoteSwiftPackageReference "amplify-swift" */ = {
			isa = XCRemoteSwiftPackageReference;
			repositoryURL = "https://github.com/aws-amplify/amplify-swift";
			requirement = {
				kind = upToNextMajorVersion;
				minimumVersion = 2.54.1;
			};
		};
/* End XCRemoteSwiftPackageReference section */

/* Begin XCSwiftPackageProductDependency section */
		AE9C0EBB2F7A507900E3A0B3 /* Amplify */ = {
			isa = XCSwiftPackageProductDependency;
			package = AE9C0EB92F7A4ED800E3A0B3 /* XCRemoteSwiftPackageReference "amplify-swift" */;
			productName = Amplify;
		};
		AE9C0EBD2F7A508300E3A0B3 /* AWSCognitoAuthPlugin */ = {
			isa = XCSwiftPackageProductDependency;
			package = AE9C0EB92F7A4ED800E3A0B3 /* XCRemoteSwiftPackageReference "amplify-swift" */;
			productName = AWSCognitoAuthPlugin;
		};
		AE9C0EBF2F7A508C00E3A0B3 /* AWSPluginsCore */ = {
			isa = XCSwiftPackageProductDependency;
			package = AE9C0EB92F7A4ED800E3A0B3 /* XCRemoteSwiftPackageReference "amplify-swift" */;
			productName = AWSPluginsCore;
		};
		AE9C0EC52F7A662E00E3A0B3 /* AWSAPIPlugin */ = {
			isa = XCSwiftPackageProductDependency;
			package = AE9C0EB92F7A4ED800E3A0B3 /* XCRemoteSwiftPackageReference "amplify-swift" */;
			productName = AWSAPIPlugin;
		};
/* End XCSwiftPackageProductDependency section */
	};
	rootObject = AE9C0DEB2F7356B300E3A0B3 /* Project object */;
}
